
Microsoft Visual Studio Solution File, Format Version 12.00
# Visual Studio Version 16
VisualStudioVersion = 16.0.808.4
MinimumVisualStudioVersion = 10.0.40219.1
Project("{FAE04EC0-301F-11D3-BF4B-00C04F79EFBC}") = "c-sharp-concepts", "c-sharp-concepts\c-sharp-concepts.csproj", "{010F0D0B-A402-4647-8D51-3BFC68E2AA87}"
EndProject
Global
	GlobalSection(SolutionConfigurationPlatforms) = preSolution
		Debug|Any CPU = Debug|Any CPU
		Release|Any CPU = Release|Any CPU
	EndGlobalSection
	GlobalSection(ProjectConfigurationPlatforms) = postSolution
		{010F0D0B-A402-4647-8D51-3BFC68E2AA87}.Debug|Any CPU.ActiveCfg = Debug|Any CPU
		{010F0D0B-A402-4647-8D51-3BFC68E2AA87}.Debug|Any CPU.Build.0 = Debug|Any CPU
		{010F0D0B-A402-4647-8D51-3BFC68E2AA87}.Release|Any CPU.ActiveCfg = Release|Any CPU
		{010F0D0B-A402-4647-8D51-3BFC68E2AA87}.Release|Any CPU.Build.0 = Release|Any CPU
	EndGlobalSection
	GlobalSection(SolutionProperties) = preSolution
		HideSolutionNode = FALSE
	EndGlobalSection
	GlobalSection(ExtensibilityGlobals) = postSolution
		SolutionGuid = {56FE6C18-9627-4446-A009-B341A0F59FAD}
	EndGlobalSection
EndGlobal
